
Microsoft Visual Studio Solution File, Format Version 12.00
# Visual Studio Version 17
VisualStudioVersion = 17.10.35027.167
MinimumVisualStudioVersion = 10.0.40219.1
Project("{9A19103F-16F7-4668-BE54-9A1E7A4F7556}") = "BlazorCharts.API", "BlazorCharts.API\BlazorCharts.API.csproj", "{BCC4560D-1EAD-4535-BD49-3E80F326B2F0}"
EndProject
Project("{9A19103F-16F7-4668-BE54-9A1E7A4F7556}") = "BlazorCharts.Data", "BlazorCharts.Data\BlazorCharts.Data.csproj", "{D6FB9858-092A-4195-B7FA-9AC96A80BA73}"
EndProject
Project("{9A19103F-16F7-4668-BE54-9A1E7A4F7556}") = "BlazorCharts.UI", "BlazorCharts.UI\BlazorCharts.UI.csproj", "{E215D69B-9ACE-40E6-9149-8B2B9FBBF64B}"
EndProject
Global
	GlobalSection(SolutionConfigurationPlatforms) = preSolution
		Debug|Any CPU = Debug|Any CPU
		Release|Any CPU = Release|Any CPU
	EndGlobalSection
	GlobalSection(ProjectConfigurationPlatforms) = postSolution
		{BCC4560D-1EAD-4535-BD49-3E80F326B2F0}.Debug|Any CPU.ActiveCfg = Debug|Any CPU
		{BCC4560D-1EAD-4535-BD49-3E80F326B2F0}.Debug|Any CPU.Build.0 = Debug|Any CPU
		{BCC4560D-1EAD-4535-BD49-3E80F326B2F0}.Release|Any CPU.ActiveCfg = Release|Any CPU
		{BCC4560D-1EAD-4535-BD49-3E80F326B2F0}.Release|Any CPU.Build.0 = Release|Any CPU
		{D6FB9858-092A-4195-B7FA-9AC96A80BA73}.Debug|Any CPU.ActiveCfg = Debug|Any CPU
		{D6FB9858-092A-4195-B7FA-9AC96A80BA73}.Debug|Any CPU.Build.0 = Debug|Any CPU
		{D6FB9858-092A-4195-B7FA-9AC96A80BA73}.Release|Any CPU.ActiveCfg = Release|Any CPU
		{D6FB9858-092A-4195-B7FA-9AC96A80BA73}.Release|Any CPU.Build.0 = Release|Any CPU
		{E215D69B-9ACE-40E6-9149-8B2B9FBBF64B}.Debug|Any CPU.ActiveCfg = Debug|Any CPU
		{E215D69B-9ACE-40E6-9149-8B2B9FBBF64B}.Debug|Any CPU.Build.0 = Debug|Any CPU
		{E215D69B-9ACE-40E6-9149-8B2B9FBBF64B}.Release|Any CPU.ActiveCfg = Release|Any CPU
		{E215D69B-9ACE-40E6-9149-8B2B9FBBF64B}.Release|Any CPU.Build.0 = Release|Any CPU
	EndGlobalSection
	GlobalSection(SolutionProperties) = preSolution
		HideSolutionNode = FALSE
	EndGlobalSection
	GlobalSection(ExtensibilityGlobals) = postSolution
		SolutionGuid = {D6D50D21-9BFD-4DA6-B5EE-18107AEEBB0A}
	EndGlobalSection
EndGlobal
